
Microsoft Visual Studio Solution File, Format Version 12.00
# Visual Studio 15
VisualStudioVersion = 15.0.26430.15
MinimumVisualStudioVersion = 10.0.40219.1
Project("{9A19103F-16F7-4668-BE54-9A1E7A4F7556}") = "Zoro-Cli", "zoro-cli\Zoro-Cli.csproj", "{736C1A59-1F91-4676-947B-E50381252F55}"
EndProject
Global
	GlobalSection(SolutionConfigurationPlatforms) = preSolution
		Debug|Any CPU = Debug|Any CPU
		Release|Any CPU = Release|Any CPU
	EndGlobalSection
	GlobalSection(ProjectConfigurationPlatforms) = postSolution
		{736C1A59-1F91-4676-947B-E50381252F55}.Debug|Any CPU.ActiveCfg = Debug|Any CPU
		{736C1A59-1F91-4676-947B-E50381252F55}.Debug|Any CPU.Build.0 = Debug|Any CPU
		{736C1A59-1F91-4676-947B-E50381252F55}.Release|Any CPU.ActiveCfg = Release|Any CPU
		{736C1A59-1F91-4676-947B-E50381252F55}.Release|Any CPU.Build.0 = Release|Any CPU
	EndGlobalSection
	GlobalSection(SolutionProperties) = preSolution
		HideSolutionNode = FALSE
	EndGlobalSection
	GlobalSection(ExtensibilityGlobals) = postSolution
		SolutionGuid = {4C82D154-5B48-49D9-A35E-243A92CF6ED5}
	EndGlobalSection
EndGlobal
